
Microsoft Visual Studio Solution File, Format Version 12.00
# Visual Studio Version 16
VisualStudioVersion = 16.0.31313.79
MinimumVisualStudioVersion = 10.0.40219.1
Project("{FAE04EC0-301F-11D3-BF4B-00C04F79EFBC}") = "CrudOperationUsingCodeFirstApproach", "CrudOperationUsingCodeFirstApproach\CrudOperationUsingCodeFirstApproach.csproj", "{416A3A92-B4E4-41F4-AB08-183ED34E7CCF}"
EndProject
Project("{FAE04EC0-301F-11D3-BF4B-00C04F79EFBC}") = "DAL", "DAL\DAL.csproj", "{6A2DE21E-F927-4107-A142-736A42CE4ADF}"
EndProject
Global
	GlobalSection(SolutionConfigurationPlatforms) = preSolution
		Debug|Any CPU = Debug|Any CPU
		Release|Any CPU = Release|Any CPU
	EndGlobalSection
	GlobalSection(ProjectConfigurationPlatforms) = postSolution
		{416A3A92-B4E4-41F4-AB08-183ED34E7CCF}.Debug|Any CPU.ActiveCfg = Debug|Any CPU
		{416A3A92-B4E4-41F4-AB08-183ED34E7CCF}.Debug|Any CPU.Build.0 = Debug|Any CPU
		{416A3A92-B4E4-41F4-AB08-183ED34E7CCF}.Release|Any CPU.ActiveCfg = Release|Any CPU
		{416A3A92-B4E4-41F4-AB08-183ED34E7CCF}.Release|Any CPU.Build.0 = Release|Any CPU
		{6A2DE21E-F927-4107-A142-736A42CE4ADF}.Debug|Any CPU.ActiveCfg = Debug|Any CPU
		{6A2DE21E-F927-4107-A142-736A42CE4ADF}.Debug|Any CPU.Build.0 = Debug|Any CPU
		{6A2DE21E-F927-4107-A142-736A42CE4ADF}.Release|Any CPU.ActiveCfg = Release|Any CPU
		{6A2DE21E-F927-4107-A142-736A42CE4ADF}.Release|Any CPU.Build.0 = Release|Any CPU
	EndGlobalSection
	GlobalSection(SolutionProperties) = preSolution
		HideSolutionNode = FALSE
	EndGlobalSection
	GlobalSection(ExtensibilityGlobals) = postSolution
		SolutionGuid = {716BA3C8-077E-4A83-A46D-30F8DF4C658E}
	EndGlobalSection
EndGlobal
